
Microsoft Visual Studio Solution File, Format Version 12.00
# Visual Studio Version 17
VisualStudioVersion = 17.13.35931.197
MinimumVisualStudioVersion = 10.0.40219.1
Project("{FAE04EC0-301F-11D3-BF4B-00C04F79EFBC}") = "Ecommerce.Shared", "EcommerceShared\Ecommerce.Shared.csproj", "{1A8F18BE-457C-4BC0-9CA8-20F932280EC9}"
EndProject
Project("{FAE04EC0-301F-11D3-BF4B-00C04F79EFBC}") = "Ecommerce.Api", "Ecommerce.Api\Ecommerce.Api.csproj", "{75F89C78-B346-4E4C-A89F-A58F4FA0C602}"
EndProject
Global
	GlobalSection(SolutionConfigurationPlatforms) = preSolution
		Debug|Any CPU = Debug|Any CPU
		Release|Any CPU = Release|Any CPU
	EndGlobalSection
	GlobalSection(ProjectConfigurationPlatforms) = postSolution
		{1A8F18BE-457C-4BC0-9CA8-20F932280EC9}.Debug|Any CPU.ActiveCfg = Debug|Any CPU
		{1A8F18BE-457C-4BC0-9CA8-20F932280EC9}.Debug|Any CPU.Build.0 = Debug|Any CPU
		{1A8F18BE-457C-4BC0-9CA8-20F932280EC9}.Release|Any CPU.ActiveCfg = Release|Any CPU
		{1A8F18BE-457C-4BC0-9CA8-20F932280EC9}.Release|Any CPU.Build.0 = Release|Any CPU
		{75F89C78-B346-4E4C-A89F-A58F4FA0C602}.Debug|Any CPU.ActiveCfg = Debug|Any CPU
		{75F89C78-B346-4E4C-A89F-A58F4FA0C602}.Debug|Any CPU.Build.0 = Debug|Any CPU
		{75F89C78-B346-4E4C-A89F-A58F4FA0C602}.Release|Any CPU.ActiveCfg = Release|Any CPU
		{75F89C78-B346-4E4C-A89F-A58F4FA0C602}.Release|Any CPU.Build.0 = Release|Any CPU
	EndGlobalSection
	GlobalSection(SolutionProperties) = preSolution
		HideSolutionNode = FALSE
	EndGlobalSection
	GlobalSection(ExtensibilityGlobals) = postSolution
		SolutionGuid = {BE07B845-1467-464D-995C-BF1916928FC6}
	EndGlobalSection
EndGlobal
